
Microsoft Visual Studio Solution File, Format Version 12.00
# Visual Studio 15
VisualStudioVersion = 15.0.28307.1062
MinimumVisualStudioVersion = 10.0.40219.1
Project("{FAE04EC0-301F-11D3-BF4B-00C04F79EFBC}") = "Angular2Demo", "Angular2Demo\Angular2Demo.csproj", "{C1D0DC2C-DB41-4DE0-B803-A6FB24CC7996}"
EndProject
Global
	GlobalSection(SolutionConfigurationPlatforms) = preSolution
		Debug|Any CPU = Debug|Any CPU
		Release|Any CPU = Release|Any CPU
	EndGlobalSection
	GlobalSection(ProjectConfigurationPlatforms) = postSolution
		{C1D0DC2C-DB41-4DE0-B803-A6FB24CC7996}.Debug|Any CPU.ActiveCfg = Debug|Any CPU
		{C1D0DC2C-DB41-4DE0-B803-A6FB24CC7996}.Debug|Any CPU.Build.0 = Debug|Any CPU
		{C1D0DC2C-DB41-4DE0-B803-A6FB24CC7996}.Release|Any CPU.ActiveCfg = Release|Any CPU
		{C1D0DC2C-DB41-4DE0-B803-A6FB24CC7996}.Release|Any CPU.Build.0 = Release|Any CPU
	EndGlobalSection
	GlobalSection(SolutionProperties) = preSolution
		HideSolutionNode = FALSE
	EndGlobalSection
	GlobalSection(ExtensibilityGlobals) = postSolution
		SolutionGuid = {5DC54988-5AC6-4CBC-B22E-564C00B1D0F5}
	EndGlobalSection
EndGlobal
